
Microsoft Visual Studio Solution File, Format Version 12.00
# Visual Studio Version 16
VisualStudioVersion = 16.0.31205.134
MinimumVisualStudioVersion = 10.0.40219.1
Project("{FAE04EC0-301F-11D3-BF4B-00C04F79EFBC}") = "Beverages Inventory System", "Beverages Inventory System\Beverages Inventory System.csproj", "{D58C3131-FAB0-4D2C-8ED8-14D966A5D660}"
EndProject
Global
	GlobalSection(SolutionConfigurationPlatforms) = preSolution
		Debug|Any CPU = Debug|Any CPU
		Release|Any CPU = Release|Any CPU
	EndGlobalSection
	GlobalSection(ProjectConfigurationPlatforms) = postSolution
		{D58C3131-FAB0-4D2C-8ED8-14D966A5D660}.Debug|Any CPU.ActiveCfg = Debug|Any CPU
		{D58C3131-FAB0-4D2C-8ED8-14D966A5D660}.Debug|Any CPU.Build.0 = Debug|Any CPU
		{D58C3131-FAB0-4D2C-8ED8-14D966A5D660}.Release|Any CPU.ActiveCfg = Release|Any CPU
		{D58C3131-FAB0-4D2C-8ED8-14D966A5D660}.Release|Any CPU.Build.0 = Release|Any CPU
	EndGlobalSection
	GlobalSection(SolutionProperties) = preSolution
		HideSolutionNode = FALSE
	EndGlobalSection
	GlobalSection(ExtensibilityGlobals) = postSolution
		SolutionGuid = {817D6F61-0BA7-4F04-B711-A915CFA53147}
	EndGlobalSection
EndGlobal
